// !$*UTF8*$!
{
	archiveVersion = 1;
	classes = {
	};
	objectVersion = 50;
	objects = {

/* Begin PBXBuildFile section */
		608AB6D7266E4481004A65C1 /* AppDelegate.swift in Sources */ = {isa = PBXBuildFile; fileRef = 608AB6D6266E4481004A65C1 /* AppDelegate.swift */; };
		608AB6D9266E4481004A65C1 /* SceneDelegate.swift in Sources */ = {isa = PBXBuildFile; fileRef = 608AB6D8266E4481004A65C1 /* SceneDelegate.swift */; };
		608AB6DB266E4481004A65C1 /* ViewController.swift in Sources */ = {isa = PBXBuildFile; fileRef = 608AB6DA266E4481004A65C1 /* ViewController.swift */; };
		608AB6DE266E4481004A65C1 /* Main.storyboard in Resources */ = {isa = PBXBuildFile; fileRef = 608AB6DC266E4481004A65C1 /* Main.storyboard */; };
		608AB6E0266E4482004A65C1 /* Assets.xcassets in Resources */ = {isa = PBXBuildFile; fileRef = 608AB6DF266E4482004A65C1 /* Assets.xcassets */; };
		608AB6E3266E4482004A65C1 /* LaunchScreen.storyboard in Resources */ = {isa = PBXBuildFile; fileRef = 608AB6E1266E4482004A65C1 /* LaunchScreen.storyboard */; };
		608AB6EE266E4482004A65C1 /* WordGameTests.swift in Sources */ = {isa = PBXBuildFile; fileRef = 608AB6ED266E4482004A65C1 /* WordGameTests.swift */; };
		608AB6F9266E4482004A65C1 /* WordGameUITests.swift in Sources */ = {isa = PBXBuildFile; fileRef = 608AB6F8266E4482004A65C1 /* WordGameUITests.swift */; };
/* End PBXBuildFile section */

/* Begin PBXContainerItemProxy section */
		608AB6EA266E4482004A65C1 /* PBXContainerItemProxy */ = {
			isa = PBXContainerItemProxy;
			containerPortal = 608AB6CB266E4481004A65C1 /* Project object */;
			proxyType = 1;
			remoteGlobalIDString = 608AB6D2266E4481004A65C1;
			remoteInfo = WordGame;
		};
		608AB6F5266E4482004A65C1 /* PBXContainerItemProxy */ = {
			isa = PBXContainerItemProxy;
			containerPortal = 608AB6CB266E4481004A65C1 /* Project object */;
			proxyType = 1;
			remoteGlobalIDString = 608AB6D2266E4481004A65C1;
			remoteInfo = WordGame;
		};
/* End PBXContainerItemProxy section */

/* Begin PBXFileReference section */
		608AB6D3266E4481004A65C1 /* WordGame.app */ = {isa = PBXFileReference; explicitFileType = wrapper.application; includeInIndex = 0; path = WordGame.app; sourceTree = BUILT_PRODUCTS_DIR; };
		608AB6D6266E4481004A65C1 /* AppDelegate.swift */ = {isa = PBXFileReference; lastKnownFileType = sourcecode.swift; path = AppDelegate.swift; sourceTree = "<group>"; };
		608AB6D8266E4481004A65C1 /* SceneDelegate.swift */ = {isa = PBXFileReference; lastKnownFileType = sourcecode.swift; path = SceneDelegate.swift; sourceTree = "<group>"; };
		608AB6DA266E4481004A65C1 /* ViewController.swift */ = {isa = PBXFileReference; lastKnownFileType = sourcecode.swift; path = ViewController.swift; sourceTree = "<group>"; };
		608AB6DD266E4481004A65C1 /* Base */ = {isa = PBXFileReference; lastKnownFileType = file.storyboard; name = Base; path = Base.lproj/Main.storyboard; sourceTree = "<group>"; };
		608AB6DF266E4482004A65C1 /* Assets.xcassets */ = {isa = PBXFileReference; lastKnownFileType = folder.assetcatalog; path = Assets.xcassets; sourceTree = "<group>"; };
		608AB6E2266E4482004A65C1 /* Base */ = {isa = PBXFileReference; lastKnownFileType = file.storyboard; name = Base; path = Base.lproj/LaunchScreen.storyboard; sourceTree = "<group>"; };
		608AB6E4266E4482004A65C1 /* Info.plist */ = {isa = PBXFileReference; lastKnownFileType = text.plist.xml; path = Info.plist; sourceTree = "<group>"; };
		608AB6E9266E4482004A65C1 /* WordGameTests.xctest */ = {isa = PBXFileReference; explicitFileType = wrapper.cfbundle; includeInIndex = 0; path = WordGameTests.xctest; sourceTree = BUILT_PRODUCTS_DIR; };
		608AB6ED266E4482004A65C1 /* WordGameTests.swift */ = {isa = PBXFileReference; lastKnownFileType = sourcecode.swift; path = WordGameTests.swift; sourceTree = "<group>"; };
		608AB6EF266E4482004A65C1 /* Info.plist */ = {isa = PBXFileReference; lastKnownFileType = text.plist.xml; path = Info.plist; sourceTree = "<group>"; };
		608AB6F4266E4482004A65C1 /* WordGameUITests.xctest */ = {isa = PBXFileReference; explicitFileType = wrapper.cfbundle; includeInIndex = 0; path = WordGameUITests.xctest; sourceTree = BUILT_PRODUCTS_DIR; };
		608AB6F8266E4482004A65C1 /* WordGameUITests.swift */ = {isa = PBXFileReference; lastKnownFileType = sourcecode.swift; path = WordGameUITests.swift; sourceTree = "<group>"; };
		608AB6FA266E4482004A65C1 /* Info.plist */ = {isa = PBXFileReference; lastKnownFileType = text.plist.xml; path = Info.plist; sourceTree = "<group>"; };
/* End PBXFileReference section */

/* Begin PBXFrameworksBuildPhase section */
		608AB6D0266E4481004A65C1 /* Frameworks */ = {
			isa = PBXFrameworksBuildPhase;
			buildActionMask = 2147483647;
			files = (
			);
			runOnlyForDeploymentPostprocessing = 0;
		};
		608AB6E6266E4482004A65C1 /* Frameworks */ = {
			isa = PBXFrameworksBuildPhase;
			buildActionMask = 2147483647;
			files = (
			);
			runOnlyForDeploymentPostprocessing = 0;
		};
		608AB6F1266E4482004A65C1 /* Frameworks */ = {
			isa = PBXFrameworksBuildPhase;
			buildActionMask = 2147483647;
			files = (
			);
			runOnlyForDeploymentPostprocessing = 0;
		};
/* End PBXFrameworksBuildPhase section */

/* Begin PBXGroup section */
		608AB6CA266E4481004A65C1 = {
			isa = PBXGroup;
			children = (
				608AB6D5266E4481004A65C1 /* WordGame */,
				608AB6EC266E4482004A65C1 /* WordGameTests */,
				608AB6F7266E4482004A65C1 /* WordGameUITests */,
				608AB6D4266E4481004A65C1 /* Products */,
			);
			sourceTree = "<group>";
		};
		608AB6D4266E4481004A65C1 /* Products */ = {
			isa = PBXGroup;
			children = (
				608AB6D3266E4481004A65C1 /* WordGame.app */,
				608AB6E9266E4482004A65C1 /* WordGameTests.xctest */,
				608AB6F4266E4482004A65C1 /* WordGameUITests.xctest */,
			);
			name = Products;
			sourceTree = "<group>";
		};
		608AB6D5266E4481004A65C1 /* WordGame */ = {
			isa = PBXGroup;
			children = (
				608AB6D6266E4481004A65C1 /* AppDelegate.swift */,
				608AB6D8266E4481004A65C1 /* SceneDelegate.swift */,
				608AB6DA266E4481004A65C1 /* ViewController.swift */,
				608AB6DC266E4481004A65C1 /* Main.storyboard */,
				608AB6DF266E4482004A65C1 /* Assets.xcassets */,
				608AB6E1266E4482004A65C1 /* LaunchScreen.storyboard */,
				608AB6E4266E4482004A65C1 /* Info.plist */,
			);
			path = WordGame;
			sourceTree = "<group>";
		};
		608AB6EC266E4482004A65C1 /* WordGameTests */ = {
			isa = PBXGroup;
			children = (
				608AB6ED266E4482004A65C1 /* WordGameTests.swift */,
				608AB6EF266E4482004A65C1 /* Info.plist */,
			);
			path = WordGameTests;
			sourceTree = "<group>";
		};
		608AB6F7266E4482004A65C1 /* WordGameUITests */ = {
			isa = PBXGroup;
			children = (
				608AB6F8266E4482004A65C1 /* WordGameUITests.swift */,
				608AB6FA266E4482004A65C1 /* Info.plist */,
			);
			path = WordGameUITests;
			sourceTree = "<group>";
		};
/* End PBXGroup section */

/* Begin PBXNativeTarget section */
		608AB6D2266E4481004A65C1 /* WordGame */ = {
			isa = PBXNativeTarget;
			buildConfigurationList = 608AB6FD266E4482004A65C1 /* Build configuration list for PBXNativeTarget "WordGame" */;
			buildPhases = (
				608AB6CF266E4481004A65C1 /* Sources */,
				608AB6D0266E4481004A65C1 /* Frameworks */,
				608AB6D1266E4481004A65C1 /* Resources */,
			);
			buildRules = (
			);
			dependencies = (
			);
			name = WordGame;
			productName = WordGame;
			productReference = 608AB6D3266E4481004A65C1 /* WordGame.app */;
			productType = "com.apple.product-type.application";
		};
		608AB6E8266E4482004A65C1 /* WordGameTests */ = {
			isa = PBXNativeTarget;
			buildConfigurationList = 608AB700266E4482004A65C1 /* Build configuration list for PBXNativeTarget "WordGameTests" */;
			buildPhases = (
				608AB6E5266E4482004A65C1 /* Sources */,
				608AB6E6266E4482004A65C1 /* Frameworks */,
				608AB6E7266E4482004A65C1 /* Resources */,
			);
			buildRules = (
			);
			dependencies = (
				608AB6EB266E4482004A65C1 /* PBXTargetDependency */,
			);
			name = WordGameTests;
			productName = WordGameTests;
			productReference = 608AB6E9266E4482004A65C1 /* WordGameTests.xctest */;
			productType = "com.apple.product-type.bundle.unit-test";
		};
		608AB6F3266E4482004A65C1 /* WordGameUITests */ = {
			isa = PBXNativeTarget;
			buildConfigurationList = 608AB703266E4482004A65C1 /* Build configuration list for PBXNativeTarget "WordGameUITests" */;
			buildPhases = (
				608AB6F0266E4482004A65C1 /* Sources */,
				608AB6F1266E4482004A65C1 /* Frameworks */,
				608AB6F2266E4482004A65C1 /* Resources */,
			);
			buildRules = (
			);
			dependencies = (
				608AB6F6266E4482004A65C1 /* PBXTargetDependency */,
			);
			name = WordGameUITests;
			productName = WordGameUITests;
			productReference = 608AB6F4266E4482004A65C1 /* WordGameUITests.xctest */;
			productType = "com.apple.product-type.bundle.ui-testing";
		};
/* End PBXNativeTarget section */

/* Begin PBXProject section */
		608AB6CB266E4481004A65C1 /* Project object */ = {
			isa = PBXProject;
			attributes = {
				LastSwiftUpdateCheck = 1250;
				LastUpgradeCheck = 1250;
				TargetAttributes = {
					608AB6D2266E4481004A65C1 = {
						CreatedOnToolsVersion = 12.5;
					};
					608AB6E8266E4482004A65C1 = {
						CreatedOnToolsVersion = 12.5;
						TestTargetID = 608AB6D2266E4481004A65C1;
					};
					608AB6F3266E4482004A65C1 = {
						CreatedOnToolsVersion = 12.5;
						TestTargetID = 608AB6D2266E4481004A65C1;
					};
				};
			};
			buildConfigurationList = 608AB6CE266E4481004A65C1 /* Build configuration list for PBXProject "WordGame" */;
			compatibilityVersion = "Xcode 9.3";
			developmentRegion = en;
			hasScannedForEncodings = 0;
			knownRegions = (
				en,
				Base,
			);
			mainGroup = 608AB6CA266E4481004A65C1;
			productRefGroup = 608AB6D4266E4481004A65C1 /* Products */;
			projectDirPath = "";
			projectRoot = "";
			targets = (
				608AB6D2266E4481004A65C1 /* WordGame */,
				608AB6E8266E4482004A65C1 /* WordGameTests */,
				608AB6F3266E4482004A65C1 /* WordGameUITests */,
			);
		};
/* End PBXProject section */

/* Begin PBXResourcesBuildPhase section */
		608AB6D1266E4481004A65C1 /* Resources */ = {
			isa = PBXResourcesBuildPhase;
			buildActionMask = 2147483647;
			files = (
				608AB6E3266E4482004A65C1 /* LaunchScreen.storyboard in Resources */,
				608AB6E0266E4482004A65C1 /* Assets.xcassets in Resources */,
				608AB6DE266E4481004A65C1 /* Main.storyboard in Resources */,
			);
			runOnlyForDeploymentPostprocessing = 0;
		};
		608AB6E7266E4482004A65C1 /* Resources */ = {
			isa = PBXResourcesBuildPhase;
			buildActionMask = 2147483647;
			files = (
			);
			runOnlyForDeploymentPostprocessing = 0;
		};
		608AB6F2266E4482004A65C1 /* Resources */ = {
			isa = PBXResourcesBuildPhase;
			buildActionMask = 2147483647;
			files = (
			);
			runOnlyForDeploymentPostprocessing = 0;
		};
/* End PBXResourcesBuildPhase section */

/* Begin PBXSourcesBuildPhase section */
		608AB6CF266E4481004A65C1 /* Sources */ = {
			isa = PBXSourcesBuildPhase;
			buildActionMask = 2147483647;
			files = (
				608AB6DB266E4481004A65C1 /* ViewController.swift in Sources */,
				608AB6D7266E4481004A65C1 /* AppDelegate.swift in Sources */,
				608AB6D9266E4481004A65C1 /* SceneDelegate.swift in Sources */,
			);
			runOnlyForDeploymentPostprocessing = 0;
		};
		608AB6E5266E4482004A65C1 /* Sources */ = {
			isa = PBXSourcesBuildPhase;
			buildActionMask = 2147483647;
			files = (
				608AB6EE266E4482004A65C1 /* WordGameTests.swift in Sources */,
			);
			runOnlyForDeploymentPostprocessing = 0;
		};
		608AB6F0266E4482004A65C1 /* Sources */ = {
			isa = PBXSourcesBuildPhase;
			buildActionMask = 2147483647;
			files = (
				608AB6F9266E4482004A65C1 /* WordGameUITests.swift in Sources */,
			);
			runOnlyForDeploymentPostprocessing = 0;
		};
/* End PBXSourcesBuildPhase section */

/* Begin PBXTargetDependency section */
		608AB6EB266E4482004A65C1 /* PBXTargetDependency */ = {
			isa = PBXTargetDependency;
			target = 608AB6D2266E4481004A65C1 /* WordGame */;
			targetProxy = 608AB6EA266E4482004A65C1 /* PBXContainerItemProxy */;
		};
		608AB6F6266E4482004A65C1 /* PBXTargetDependency */ = {
			isa = PBXTargetDependency;
			target = 608AB6D2266E4481004A65C1 /* WordGame */;
			targetProxy = 608AB6F5266E4482004A65C1 /* PBXContainerItemProxy */;
		};
/* End PBXTargetDependency section */

/* Begin PBXVariantGroup section */
		608AB6DC266E4481004A65C1 /* Main.storyboard */ = {
			isa = PBXVariantGroup;
			children = (
				608AB6DD266E4481004A65C1 /* Base */,
			);
			name = Main.storyboard;
			sourceTree = "<group>";
		};
		608AB6E1266E4482004A65C1 /* LaunchScreen.storyboard */ = {
			isa = PBXVariantGroup;
			children = (
				608AB6E2266E4482004A65C1 /* Base */,
			);
			name = LaunchScreen.storyboard;
			sourceTree = "<group>";
		};
/* End PBXVariantGroup section */

/* Begin XCBuildConfiguration section */
		608AB6FB266E4482004A65C1 /* Debug */ = {
			isa = XCBuildConfiguration;
			buildSettings = {
				ALWAYS_SEARCH_USER_PATHS = NO;
				CLANG_ANALYZER_NONNULL = YES;
				CLANG_ANALYZER_NUMBER_OBJECT_CONVERSION = YES_AGGRESSIVE;
				CLANG_CXX_LANGUAGE_STANDARD = "gnu++14";
				CLANG_CXX_LIBRARY = "libc++";
				CLANG_ENABLE_MODULES = YES;
				CLANG_ENABLE_OBJC_ARC = YES;
				CLANG_ENABLE_OBJC_WEAK = YES;
				CLANG_WARN_BLOCK_CAPTURE_AUTORELEASING = YES;
				CLANG_WARN_BOOL_CONVERSION = YES;
				CLANG_WARN_COMMA = YES;
				CLANG_WARN_CONSTANT_CONVERSION = YES;
				CLANG_WARN_DEPRECATED_OBJC_IMPLEMENTATIONS = YES;
				CLANG_WARN_DIRECT_OBJC_ISA_USAGE = YES_ERROR;
				CLANG_WARN_DOCUMENTATION_COMMENTS = YES;
				CLANG_WARN_EMPTY_BODY = YES;
				CLANG_WARN_ENUM_CONVERSION = YES;
				CLANG_WARN_INFINITE_RECURSION = YES;
				CLANG_WARN_INT_CONVERSION = YES;
				CLANG_WARN_NON_LITERAL_NULL_CONVERSION = YES;
				CLANG_WARN_OBJC_IMPLICIT_RETAIN_SELF = YES;
				CLANG_WARN_OBJC_LITERAL_CONVERSION = YES;
				CLANG_WARN_OBJC_ROOT_CLASS = YES_ERROR;
				CLANG_WARN_QUOTED_INCLUDE_IN_FRAMEWORK_HEADER = YES;
				CLANG_WARN_RANGE_LOOP_ANALYSIS = YES;
				CLANG_WARN_STRICT_PROTOTYPES = YES;
				CLANG_WARN_SUSPICIOUS_MOVE = YES;
				CLANG_WARN_UNGUARDED_AVAILABILITY = YES_AGGRESSIVE;
				CLANG_WARN_UNREACHABLE_CODE = YES;
				CLANG_WARN__DUPLICATE_METHOD_MATCH = YES;
				COPY_PHASE_STRIP = NO;
				DEBUG_INFORMATION_FORMAT = dwarf;
				ENABLE_STRICT_OBJC_MSGSEND = YES;
				ENABLE_TESTABILITY = YES;
				GCC_C_LANGUAGE_STANDARD = gnu11;
				GCC_DYNAMIC_NO_PIC = NO;
				GCC_NO_COMMON_BLOCKS = YES;
				GCC_OPTIMIZATION_LEVEL = 0;
				GCC_PREPROCESSOR_DEFINITIONS = (
					"DEBUG=1",
					"$(inherited)",
				);
				GCC_WARN_64_TO_32_BIT_CONVERSION = YES;
				GCC_WARN_ABOUT_RETURN_TYPE = YES_ERROR;
				GCC_WARN_UNDECLARED_SELECTOR = YES;
				GCC_WARN_UNINITIALIZED_AUTOS = YES_AGGRESSIVE;
				GCC_WARN_UNUSED_FUNCTION = YES;
				GCC_WARN_UNUSED_VARIABLE = YES;
				IPHONEOS_DEPLOYMENT_TARGET = 14.5;
				MTL_ENABLE_DEBUG_INFO = INCLUDE_SOURCE;
				MTL_FAST_MATH = YES;
				ONLY_ACTIVE_ARCH = YES;
				SDKROOT = iphoneos;
				SWIFT_ACTIVE_COMPILATION_CONDITIONS = DEBUG;
				SWIFT_OPTIMIZATION_LEVEL = "-Onone";
			};
			name = Debug;
		};
		608AB6FC266E4482004A65C1 /* Release */ = {
			isa = XCBuildConfiguration;
			buildSettings = {
				ALWAYS_SEARCH_USER_PATHS = NO;
				CLANG_ANALYZER_NONNULL = YES;
				CLANG_ANALYZER_NUMBER_OBJECT_CONVERSION = YES_AGGRESSIVE;
				CLANG_CXX_LANGUAGE_STANDARD = "gnu++14";
				CLANG_CXX_LIBRARY = "libc++";
				CLANG_ENABLE_MODULES = YES;
				CLANG_ENABLE_OBJC_ARC = YES;
				CLANG_ENABLE_OBJC_WEAK = YES;
				CLANG_WARN_BLOCK_CAPTURE_AUTORELEASING = YES;
				CLANG_WARN_BOOL_CONVERSION = YES;
				CLANG_WARN_COMMA = YES;
				CLANG_WARN_CONSTANT_CONVERSION = YES;
				CLANG_WARN_DEPRECATED_OBJC_IMPLEMENTATIONS = YES;
				CLANG_WARN_DIRECT_OBJC_ISA_USAGE = YES_ERROR;
				CLANG_WARN_DOCUMENTATION_COMMENTS = YES;
				CLANG_WARN_EMPTY_BODY = YES;
				CLANG_WARN_ENUM_CONVERSION = YES;
				CLANG_WARN_INFINITE_RECURSION = YES;
				CLANG_WARN_INT_CONVERSION = YES;
				CLANG_WARN_NON_LITERAL_NULL_CONVERSION = YES;
				CLANG_WARN_OBJC_IMPLICIT_RETAIN_SELF = YES;
				CLANG_WARN_OBJC_LITERAL_CONVERSION = YES;
				CLANG_WARN_OBJC_ROOT_CLASS = YES_ERROR;
				CLANG_WARN_QUOTED_INCLUDE_IN_FRAMEWORK_HEADER = YES;
				CLANG_WARN_RANGE_LOOP_ANALYSIS = YES;
				CLANG_WARN_STRICT_PROTOTYPES = YES;
				CLANG_WARN_SUSPICIOUS_MOVE = YES;
				CLANG_WARN_UNGUARDED_AVAILABILITY = YES_AGGRESSIVE;
				CLANG_WARN_UNREACHABLE_CODE = YES;
				CLANG_WARN__DUPLICATE_METHOD_MATCH = YES;
				COPY_PHASE_STRIP = NO;
				DEBUG_INFORMATION_FORMAT = "dwarf-with-dsym";
				ENABLE_NS_ASSERTIONS = NO;
				ENABLE_STRICT_OBJC_MSGSEND = YES;
				GCC_C_LANGUAGE_STANDARD = gnu11;
				GCC_NO_COMMON_BLOCKS = YES;
				GCC_WARN_64_TO_32_BIT_CONVERSION = YES;
				GCC_WARN_ABOUT_RETURN_TYPE = YES_ERROR;
				GCC_WARN_UNDECLARED_SELECTOR = YES;
				GCC_WARN_UNINITIALIZED_AUTOS = YES_AGGRESSIVE;
				GCC_WARN_UNUSED_FUNCTION = YES;
				GCC_WARN_UNUSED_VARIABLE = YES;
				IPHONEOS_DEPLOYMENT_TARGET = 14.5;
				MTL_ENABLE_DEBUG_INFO = NO;
				MTL_FAST_MATH = YES;
				SDKROOT = iphoneos;
				SWIFT_COMPILATION_MODE = wholemodule;
				SWIFT_OPTIMIZATION_LEVEL = "-O";
				VALIDATE_PRODUCT = YES;
			};
			name = Release;
		};
		608AB6FE266E4482004A65C1 /* Debug */ = {
			isa = XCBuildConfiguration;
			buildSettings = {
				ASSETCATALOG_COMPILER_APPICON_NAME = AppIcon;
				ASSETCATALOG_COMPILER_GLOBAL_ACCENT_COLOR_NAME = AccentColor;
				CODE_SIGN_STYLE = Automatic;
				DEVELOPMENT_TEAM = 896FRNNR33;
				INFOPLIST_FILE = WordGame/Info.plist;
				LD_RUNPATH_SEARCH_PATHS = (
					"$(inherited)",
					"@executable_path/Frameworks",
				);
				PRODUCT_BUNDLE_IDENTIFIER = practice.fsg.WordGame;
				PRODUCT_NAME = "$(TARGET_NAME)";
				SWIFT_VERSION = 5.0;
				TARGETED_DEVICE_FAMILY = "1,2";
			};
			name = Debug;
		};
		608AB6FF266E4482004A65C1 /* Release */ = {
			isa = XCBuildConfiguration;
			buildSettings = {
				ASSETCATALOG_COMPILER_APPICON_NAME = AppIcon;
				ASSETCATALOG_COMPILER_GLOBAL_ACCENT_COLOR_NAME = AccentColor;
				CODE_SIGN_STYLE = Automatic;
				DEVELOPMENT_TEAM = 896FRNNR33;
				INFOPLIST_FILE = WordGame/Info.plist;
				LD_RUNPATH_SEARCH_PATHS = (
					"$(inherited)",
					"@executable_path/Frameworks",
				);
				PRODUCT_BUNDLE_IDENTIFIER = practice.fsg.WordGame;
				PRODUCT_NAME = "$(TARGET_NAME)";
				SWIFT_VERSION = 5.0;
				TARGETED_DEVICE_FAMILY = "1,2";
			};
			name = Release;
		};
		608AB701266E4482004A65C1 /* Debug */ = {
			isa = XCBuildConfiguration;
			buildSettings = {
				ALWAYS_EMBED_SWIFT_STANDARD_LIBRARIES = YES;
				BUNDLE_LOADER = "$(TEST_HOST)";
				CODE_SIGN_STYLE = Automatic;
				DEVELOPMENT_TEAM = 896FRNNR33;
				INFOPLIST_FILE = WordGameTests/Info.plist;
				IPHONEOS_DEPLOYMENT_TARGET = 14.5;
				LD_RUNPATH_SEARCH_PATHS = (
					"$(inherited)",
					"@executable_path/Frameworks",
					"@loader_path/Frameworks",
				);
				PRODUCT_BUNDLE_IDENTIFIER = practice.fsg.WordGameTests;
				PRODUCT_NAME = "$(TARGET_NAME)";
				SWIFT_VERSION = 5.0;
				TARGETED_DEVICE_FAMILY = "1,2";
				TEST_HOST = "$(BUILT_PRODUCTS_DIR)/WordGame.app/WordGame";
			};
			name = Debug;
		};
		608AB702266E4482004A65C1 /* Release */ = {
			isa = XCBuildConfiguration;
			buildSettings = {
				ALWAYS_EMBED_SWIFT_STANDARD_LIBRARIES = YES;
				BUNDLE_LOADER = "$(TEST_HOST)";
				CODE_SIGN_STYLE = Automatic;
				DEVELOPMENT_TEAM = 896FRNNR33;
				INFOPLIST_FILE = WordGameTests/Info.plist;
				IPHONEOS_DEPLOYMENT_TARGET = 14.5;
				LD_RUNPATH_SEARCH_PATHS = (
					"$(inherited)",
					"@executable_path/Frameworks",
					"@loader_path/Frameworks",
				);
				PRODUCT_BUNDLE_IDENTIFIER = practice.fsg.WordGameTests;
				PRODUCT_NAME = "$(TARGET_NAME)";
				SWIFT_VERSION = 5.0;
				TARGETED_DEVICE_FAMILY = "1,2";
				TEST_HOST = "$(BUILT_PRODUCTS_DIR)/WordGame.app/WordGame";
			};
			name = Release;
		};
		608AB704266E4482004A65C1 /* Debug */ = {
			isa = XCBuildConfiguration;
			buildSettings = {
				ALWAYS_EMBED_SWIFT_STANDARD_LIBRARIES = YES;
				CODE_SIGN_STYLE = Automatic;
				DEVELOPMENT_TEAM = 896FRNNR33;
				INFOPLIST_FILE = WordGameUITests/Info.plist;
				LD_RUNPATH_SEARCH_PATHS = (
					"$(inherited)",
					"@executable_path/Frameworks",
					"@loader_path/Frameworks",
				);
				PRODUCT_BUNDLE_IDENTIFIER = practice.fsg.WordGameUITests;
				PRODUCT_NAME = "$(TARGET_NAME)";
				SWIFT_VERSION = 5.0;
				TARGETED_DEVICE_FAMILY = "1,2";
				TEST_TARGET_NAME = WordGame;
			};
			name = Debug;
		};
		608AB705266E4482004A65C1 /* Release */ = {
			isa = XCBuildConfiguration;
			buildSettings = {
				ALWAYS_EMBED_SWIFT_STANDARD_LIBRARIES = YES;
				CODE_SIGN_STYLE = Automatic;
				DEVELOPMENT_TEAM = 896FRNNR33;
				INFOPLIST_FILE = WordGameUITests/Info.plist;
				LD_RUNPATH_SEARCH_PATHS = (
					"$(inherited)",
					"@executable_path/Frameworks",
					"@loader_path/Frameworks",
				);
				PRODUCT_BUNDLE_IDENTIFIER = practice.fsg.WordGameUITests;
				PRODUCT_NAME = "$(TARGET_NAME)";
				SWIFT_VERSION = 5.0;
				TARGETED_DEVICE_FAMILY = "1,2";
				TEST_TARGET_NAME = WordGame;
			};
			name = Release;
		};
/* End XCBuildConfiguration section */

/* Begin XCConfigurationList section */
		608AB6CE266E4481004A65C1 /* Build configuration list for PBXProject "WordGame" */ = {
			isa = XCConfigurationList;
			buildConfigurations = (
				608AB6FB266E4482004A65C1 /* Debug */,
				608AB6FC266E4482004A65C1 /* Release */,
			);
			defaultConfigurationIsVisible = 0;
			defaultConfigurationName = Release;
		};
		608AB6FD266E4482004A65C1 /* Build configuration list for PBXNativeTarget "WordGame" */ = {
			isa = XCConfigurationList;
			buildConfigurations = (
				608AB6FE266E4482004A65C1 /* Debug */,
				608AB6FF266E4482004A65C1 /* Release */,
			);
			defaultConfigurationIsVisible = 0;
			defaultConfigurationName = Release;
		};
		608AB700266E4482004A65C1 /* Build configuration list for PBXNativeTarget "WordGameTests" */ = {
			isa = XCConfigurationList;
			buildConfigurations = (
				608AB701266E4482004A65C1 /* Debug */,
				608AB702266E4482004A65C1 /* Release */,
			);
			defaultConfigurationIsVisible = 0;
			defaultConfigurationName = Release;
		};
		608AB703266E4482004A65C1 /* Build configuration list for PBXNativeTarget "WordGameUITests" */ = {
			isa = XCConfigurationList;
			buildConfigurations = (
				608AB704266E4482004A65C1 /* Debug */,
				608AB705266E4482004A65C1 /* Release */,
			);
			defaultConfigurationIsVisible = 0;
			defaultConfigurationName = Release;
		};
/* End XCConfigurationList section */
	};
	rootObject = 608AB6CB266E4481004A65C1 /* Project object */;
}
